
Microsoft Visual Studio Solution File, Format Version 12.00
# Visual Studio 2013
VisualStudioVersion = 12.0.31101.0
MinimumVisualStudioVersion = 10.0.40219.1
Project("{FAE04EC0-301F-11D3-BF4B-00C04F79EFBC}") = "Surgery", "Surgery\Surgery.csproj", "{A32A9EA7-D424-412E-97E2-D8A586E8F3FE}"
EndProject
Project("{FAE04EC0-301F-11D3-BF4B-00C04F79EFBC}") = "SurgeryApplication", "SurgeryApplication\SurgeryApplication.csproj", "{0B4E51F4-6CDE-4F09-908A-ECCCCCA712F9}"
EndProject
Global
	GlobalSection(SolutionConfigurationPlatforms) = preSolution
		Debug|Any CPU = Debug|Any CPU
		Release|Any CPU = Release|Any CPU
	EndGlobalSection
	GlobalSection(ProjectConfigurationPlatforms) = postSolution
		{A32A9EA7-D424-412E-97E2-D8A586E8F3FE}.Debug|Any CPU.ActiveCfg = Debug|Any CPU
		{A32A9EA7-D424-412E-97E2-D8A586E8F3FE}.Debug|Any CPU.Build.0 = Debug|Any CPU
		{A32A9EA7-D424-412E-97E2-D8A586E8F3FE}.Release|Any CPU.ActiveCfg = Release|Any CPU
		{A32A9EA7-D424-412E-97E2-D8A586E8F3FE}.Release|Any CPU.Build.0 = Release|Any CPU
		{0B4E51F4-6CDE-4F09-908A-ECCCCCA712F9}.Debug|Any CPU.ActiveCfg = Debug|Any CPU
		{0B4E51F4-6CDE-4F09-908A-ECCCCCA712F9}.Debug|Any CPU.Build.0 = Debug|Any CPU
		{0B4E51F4-6CDE-4F09-908A-ECCCCCA712F9}.Release|Any CPU.ActiveCfg = Release|Any CPU
		{0B4E51F4-6CDE-4F09-908A-ECCCCCA712F9}.Release|Any CPU.Build.0 = Release|Any CPU
	EndGlobalSection
	GlobalSection(SolutionProperties) = preSolution
		HideSolutionNode = FALSE
	EndGlobalSection
EndGlobal
